// !$*UTF8*$!
{
	archiveVersion = 1;
	classes = {
	};
	objectVersion = 46;
	objects = {

/* Begin PBXBuildFile section */
		9113224F14CF31870087339D /* UIKit.framework in Frameworks */ = {isa = PBXBuildFile; fileRef = 9113224E14CF31870087339D /* UIKit.framework */; };
		9113225114CF31870087339D /* Foundation.framework in Frameworks */ = {isa = PBXBuildFile; fileRef = 9113225014CF31870087339D /* Foundation.framework */; };
		9113225314CF31870087339D /* CoreGraphics.framework in Frameworks */ = {isa = PBXBuildFile; fileRef = 9113225214CF31870087339D /* CoreGraphics.framework */; };
		9113225914CF31870087339D /* InfoPlist.strings in Resources */ = {isa = PBXBuildFile; fileRef = 9113225714CF31870087339D /* InfoPlist.strings */; };
		9113225B14CF31870087339D /* main.m in Sources */ = {isa = PBXBuildFile; fileRef = 9113225A14CF31870087339D /* main.m */; };
		9113225F14CF31880087339D /* AppDelegate.m in Sources */ = {isa = PBXBuildFile; fileRef = 9113225E14CF31880087339D /* AppDelegate.m */; };
/* End PBXBuildFile section */

/* Begin PBXFileReference section */
		9113224A14CF31870087339D /* GetiOSDirectories.app */ = {isa = PBXFileReference; explicitFileType = wrapper.application; includeInIndex = 0; path = GetiOSDirectories.app; sourceTree = BUILT_PRODUCTS_DIR; };
		9113224E14CF31870087339D /* UIKit.framework */ = {isa = PBXFileReference; lastKnownFileType = wrapper.framework; name = UIKit.framework; path = System/Library/Frameworks/UIKit.framework; sourceTree = SDKROOT; };
		9113225014CF31870087339D /* Foundation.framework */ = {isa = PBXFileReference; lastKnownFileType = wrapper.framework; name = Foundation.framework; path = System/Library/Frameworks/Foundation.framework; sourceTree = SDKROOT; };
		9113225214CF31870087339D /* CoreGraphics.framework */ = {isa = PBXFileReference; lastKnownFileType = wrapper.framework; name = CoreGraphics.framework; path = System/Library/Frameworks/CoreGraphics.framework; sourceTree = SDKROOT; };
		9113225614CF31870087339D /* GetiOSDirectories-Info.plist */ = {isa = PBXFileReference; lastKnownFileType = text.plist.xml; path = "GetiOSDirectories-Info.plist"; sourceTree = "<group>"; };
		9113225814CF31870087339D /* en */ = {isa = PBXFileReference; lastKnownFileType = text.plist.strings; name = en; path = en.lproj/InfoPlist.strings; sourceTree = "<group>"; };
		9113225A14CF31870087339D /* main.m */ = {isa = PBXFileReference; lastKnownFileType = sourcecode.c.objc; path = main.m; sourceTree = "<group>"; };
		9113225C14CF31870087339D /* GetiOSDirectories-Prefix.pch */ = {isa = PBXFileReference; lastKnownFileType = sourcecode.c.h; path = "GetiOSDirectories-Prefix.pch"; sourceTree = "<group>"; };
		9113225D14CF31880087339D /* AppDelegate.h */ = {isa = PBXFileReference; lastKnownFileType = sourcecode.c.h; path = AppDelegate.h; sourceTree = "<group>"; };
		9113225E14CF31880087339D /* AppDelegate.m */ = {isa = PBXFileReference; lastKnownFileType = sourcecode.c.objc; path = AppDelegate.m; sourceTree = "<group>"; };
/* End PBXFileReference section */

/* Begin PBXFrameworksBuildPhase section */
		9113224714CF31870087339D /* Frameworks */ = {
			isa = PBXFrameworksBuildPhase;
			buildActionMask = 2147483647;
			files = (
				9113224F14CF31870087339D /* UIKit.framework in Frameworks */,
				9113225114CF31870087339D /* Foundation.framework in Frameworks */,
				9113225314CF31870087339D /* CoreGraphics.framework in Frameworks */,
			);
			runOnlyForDeploymentPostprocessing = 0;
		};
/* End PBXFrameworksBuildPhase section */

/* Begin PBXGroup section */
		9113223F14CF31870087339D = {
			isa = PBXGroup;
			children = (
				9113225414CF31870087339D /* GetiOSDirectories */,
				9113224D14CF31870087339D /* Frameworks */,
				9113224B14CF31870087339D /* Products */,
			);
			sourceTree = "<group>";
		};
		9113224B14CF31870087339D /* Products */ = {
			isa = PBXGroup;
			children = (
				9113224A14CF31870087339D /* GetiOSDirectories.app */,
			);
			name = Products;
			sourceTree = "<group>";
		};
		9113224D14CF31870087339D /* Frameworks */ = {
			isa = PBXGroup;
			children = (
				9113224E14CF31870087339D /* UIKit.framework */,
				9113225014CF31870087339D /* Foundation.framework */,
				9113225214CF31870087339D /* CoreGraphics.framework */,
			);
			name = Frameworks;
			sourceTree = "<group>";
		};
		9113225414CF31870087339D /* GetiOSDirectories */ = {
			isa = PBXGroup;
			children = (
				9113225D14CF31880087339D /* AppDelegate.h */,
				9113225E14CF31880087339D /* AppDelegate.m */,
				9113225514CF31870087339D /* Supporting Files */,
			);
			path = GetiOSDirectories;
			sourceTree = "<group>";
		};
		9113225514CF31870087339D /* Supporting Files */ = {
			isa = PBXGroup;
			children = (
				9113225614CF31870087339D /* GetiOSDirectories-Info.plist */,
				9113225714CF31870087339D /* InfoPlist.strings */,
				9113225A14CF31870087339D /* main.m */,
				9113225C14CF31870087339D /* GetiOSDirectories-Prefix.pch */,
			);
			name = "Supporting Files";
			sourceTree = "<group>";
		};
/* End PBXGroup section */

/* Begin PBXNativeTarget section */
		9113224914CF31870087339D /* GetiOSDirectories */ = {
			isa = PBXNativeTarget;
			buildConfigurationList = 9113226214CF31880087339D /* Build configuration list for PBXNativeTarget "GetiOSDirectories" */;
			buildPhases = (
				9113224614CF31870087339D /* Sources */,
				9113224714CF31870087339D /* Frameworks */,
				9113224814CF31870087339D /* Resources */,
			);
			buildRules = (
			);
			dependencies = (
			);
			name = GetiOSDirectories;
			productName = GetiOSDirectories;
			productReference = 9113224A14CF31870087339D /* GetiOSDirectories.app */;
			productType = "com.apple.product-type.application";
		};
/* End PBXNativeTarget section */

/* Begin PBXProject section */
		9113224114CF31870087339D /* Project object */ = {
			isa = PBXProject;
			attributes = {
				LastUpgradeCheck = 0420;
				ORGANIZATIONNAME = "Mobile App Mastery";
			};
			buildConfigurationList = 9113224414CF31870087339D /* Build configuration list for PBXProject "GetiOSDirectories" */;
			compatibilityVersion = "Xcode 3.2";
			developmentRegion = English;
			hasScannedForEncodings = 0;
			knownRegions = (
				en,
			);
			mainGroup = 9113223F14CF31870087339D;
			productRefGroup = 9113224B14CF31870087339D /* Products */;
			projectDirPath = "";
			projectRoot = "";
			targets = (
				9113224914CF31870087339D /* GetiOSDirectories */,
			);
		};
/* End PBXProject section */

/* Begin PBXResourcesBuildPhase section */
		9113224814CF31870087339D /* Resources */ = {
			isa = PBXResourcesBuildPhase;
			buildActionMask = 2147483647;
			files = (
				9113225914CF31870087339D /* InfoPlist.strings in Resources */,
			);
			runOnlyForDeploymentPostprocessing = 0;
		};
/* End PBXResourcesBuildPhase section */

/* Begin PBXSourcesBuildPhase section */
		9113224614CF31870087339D /* Sources */ = {
			isa = PBXSourcesBuildPhase;
			buildActionMask = 2147483647;
			files = (
				9113225B14CF31870087339D /* main.m in Sources */,
				9113225F14CF31880087339D /* AppDelegate.m in Sources */,
			);
			runOnlyForDeploymentPostprocessing = 0;
		};
/* End PBXSourcesBuildPhase section */

/* Begin PBXVariantGroup section */
		9113225714CF31870087339D /* InfoPlist.strings */ = {
			isa = PBXVariantGroup;
			children = (
				9113225814CF31870087339D /* en */,
			);
			name = InfoPlist.strings;
			sourceTree = "<group>";
		};
/* End PBXVariantGroup section */

/* Begin XCBuildConfiguration section */
		9113226014CF31880087339D /* Debug */ = {
			isa = XCBuildConfiguration;
			buildSettings = {
				ALWAYS_SEARCH_USER_PATHS = NO;
				ARCHS = "$(ARCHS_STANDARD_32_BIT)";
				CLANG_ENABLE_OBJC_ARC = YES;
				"CODE_SIGN_IDENTITY[sdk=iphoneos*]" = "iPhone Developer";
				COPY_PHASE_STRIP = NO;
				GCC_C_LANGUAGE_STANDARD = gnu99;
				GCC_DYNAMIC_NO_PIC = NO;
				GCC_OPTIMIZATION_LEVEL = 0;
				GCC_PREPROCESSOR_DEFINITIONS = (
					"DEBUG=1",
					"$(inherited)",
				);
				GCC_SYMBOLS_PRIVATE_EXTERN = NO;
				GCC_VERSION = com.apple.compilers.llvm.clang.1_0;
				GCC_WARN_ABOUT_MISSING_PROTOTYPES = YES;
				GCC_WARN_ABOUT_RETURN_TYPE = YES;
				GCC_WARN_UNUSED_VARIABLE = YES;
				IPHONEOS_DEPLOYMENT_TARGET = 5.0;
				SDKROOT = iphoneos;
			};
			name = Debug;
		};
		9113226114CF31880087339D /* Release */ = {
			isa = XCBuildConfiguration;
			buildSettings = {
				ALWAYS_SEARCH_USER_PATHS = NO;
				ARCHS = "$(ARCHS_STANDARD_32_BIT)";
				CLANG_ENABLE_OBJC_ARC = YES;
				"CODE_SIGN_IDENTITY[sdk=iphoneos*]" = "iPhone Developer";
				COPY_PHASE_STRIP = YES;
				GCC_C_LANGUAGE_STANDARD = gnu99;
				GCC_VERSION = com.apple.compilers.llvm.clang.1_0;
				GCC_WARN_ABOUT_MISSING_PROTOTYPES = YES;
				GCC_WARN_ABOUT_RETURN_TYPE = YES;
				GCC_WARN_UNUSED_VARIABLE = YES;
				IPHONEOS_DEPLOYMENT_TARGET = 5.0;
				OTHER_CFLAGS = "-DNS_BLOCK_ASSERTIONS=1";
				SDKROOT = iphoneos;
				VALIDATE_PRODUCT = YES;
			};
			name = Release;
		};
		9113226314CF31880087339D /* Debug */ = {
			isa = XCBuildConfiguration;
			buildSettings = {
				GCC_PRECOMPILE_PREFIX_HEADER = YES;
				GCC_PREFIX_HEADER = "GetiOSDirectories/GetiOSDirectories-Prefix.pch";
				INFOPLIST_FILE = "GetiOSDirectories/GetiOSDirectories-Info.plist";
				PRODUCT_NAME = "$(TARGET_NAME)";
				WRAPPER_EXTENSION = app;
			};
			name = Debug;
		};
		9113226414CF31880087339D /* Release */ = {
			isa = XCBuildConfiguration;
			buildSettings = {
				GCC_PRECOMPILE_PREFIX_HEADER = YES;
				GCC_PREFIX_HEADER = "GetiOSDirectories/GetiOSDirectories-Prefix.pch";
				INFOPLIST_FILE = "GetiOSDirectories/GetiOSDirectories-Info.plist";
				PRODUCT_NAME = "$(TARGET_NAME)";
				WRAPPER_EXTENSION = app;
			};
			name = Release;
		};
/* End XCBuildConfiguration section */

/* Begin XCConfigurationList section */
		9113224414CF31870087339D /* Build configuration list for PBXProject "GetiOSDirectories" */ = {
			isa = XCConfigurationList;
			buildConfigurations = (
				9113226014CF31880087339D /* Debug */,
				9113226114CF31880087339D /* Release */,
			);
			defaultConfigurationIsVisible = 0;
			defaultConfigurationName = Release;
		};
		9113226214CF31880087339D /* Build configuration list for PBXNativeTarget "GetiOSDirectories" */ = {
			isa = XCConfigurationList;
			buildConfigurations = (
				9113226314CF31880087339D /* Debug */,
				9113226414CF31880087339D /* Release */,
			);
			defaultConfigurationIsVisible = 0;
		};
/* End XCConfigurationList section */
	};
	rootObject = 9113224114CF31870087339D /* Project object */;
}
