// !$*UTF8*$!
{
	archiveVersion = 1;
	classes = {
	};
	objectVersion = 46;
	objects = {

/* Begin PBXBuildFile section */
		911BD03814B626D800B932CA /* Foundation.framework in Frameworks */ = {isa = PBXBuildFile; fileRef = 911BD03714B626D800B932CA /* Foundation.framework */; };
		911BD03B14B626D800B932CA /* main.m in Sources */ = {isa = PBXBuildFile; fileRef = 911BD03A14B626D800B932CA /* main.m */; };
		911BD03F14B626D800B932CA /* Numbers.1 in CopyFiles */ = {isa = PBXBuildFile; fileRef = 911BD03E14B626D800B932CA /* Numbers.1 */; };
/* End PBXBuildFile section */

/* Begin PBXCopyFilesBuildPhase section */
		911BD03114B626D800B932CA /* CopyFiles */ = {
			isa = PBXCopyFilesBuildPhase;
			buildActionMask = 2147483647;
			dstPath = /usr/share/man/man1/;
			dstSubfolderSpec = 0;
			files = (
				911BD03F14B626D800B932CA /* Numbers.1 in CopyFiles */,
			);
			runOnlyForDeploymentPostprocessing = 1;
		};
/* End PBXCopyFilesBuildPhase section */

/* Begin PBXFileReference section */
		911BD03314B626D800B932CA /* Numbers */ = {isa = PBXFileReference; explicitFileType = "compiled.mach-o.executable"; includeInIndex = 0; path = Numbers; sourceTree = BUILT_PRODUCTS_DIR; };
		911BD03714B626D800B932CA /* Foundation.framework */ = {isa = PBXFileReference; lastKnownFileType = wrapper.framework; name = Foundation.framework; path = System/Library/Frameworks/Foundation.framework; sourceTree = SDKROOT; };
		911BD03A14B626D800B932CA /* main.m */ = {isa = PBXFileReference; lastKnownFileType = sourcecode.c.objc; path = main.m; sourceTree = "<group>"; };
		911BD03D14B626D800B932CA /* Numbers-Prefix.pch */ = {isa = PBXFileReference; lastKnownFileType = sourcecode.c.h; path = "Numbers-Prefix.pch"; sourceTree = "<group>"; };
		911BD03E14B626D800B932CA /* Numbers.1 */ = {isa = PBXFileReference; lastKnownFileType = text.man; path = Numbers.1; sourceTree = "<group>"; };
/* End PBXFileReference section */

/* Begin PBXFrameworksBuildPhase section */
		911BD03014B626D800B932CA /* Frameworks */ = {
			isa = PBXFrameworksBuildPhase;
			buildActionMask = 2147483647;
			files = (
				911BD03814B626D800B932CA /* Foundation.framework in Frameworks */,
			);
			runOnlyForDeploymentPostprocessing = 0;
		};
/* End PBXFrameworksBuildPhase section */

/* Begin PBXGroup section */
		911BD02814B626D800B932CA = {
			isa = PBXGroup;
			children = (
				911BD03914B626D800B932CA /* Numbers */,
				911BD03614B626D800B932CA /* Frameworks */,
				911BD03414B626D800B932CA /* Products */,
			);
			sourceTree = "<group>";
		};
		911BD03414B626D800B932CA /* Products */ = {
			isa = PBXGroup;
			children = (
				911BD03314B626D800B932CA /* Numbers */,
			);
			name = Products;
			sourceTree = "<group>";
		};
		911BD03614B626D800B932CA /* Frameworks */ = {
			isa = PBXGroup;
			children = (
				911BD03714B626D800B932CA /* Foundation.framework */,
			);
			name = Frameworks;
			sourceTree = "<group>";
		};
		911BD03914B626D800B932CA /* Numbers */ = {
			isa = PBXGroup;
			children = (
				911BD03A14B626D800B932CA /* main.m */,
				911BD03E14B626D800B932CA /* Numbers.1 */,
				911BD03C14B626D800B932CA /* Supporting Files */,
			);
			path = Numbers;
			sourceTree = "<group>";
		};
		911BD03C14B626D800B932CA /* Supporting Files */ = {
			isa = PBXGroup;
			children = (
				911BD03D14B626D800B932CA /* Numbers-Prefix.pch */,
			);
			name = "Supporting Files";
			sourceTree = "<group>";
		};
/* End PBXGroup section */

/* Begin PBXNativeTarget section */
		911BD03214B626D800B932CA /* Numbers */ = {
			isa = PBXNativeTarget;
			buildConfigurationList = 911BD04214B626D800B932CA /* Build configuration list for PBXNativeTarget "Numbers" */;
			buildPhases = (
				911BD02F14B626D800B932CA /* Sources */,
				911BD03014B626D800B932CA /* Frameworks */,
				911BD03114B626D800B932CA /* CopyFiles */,
			);
			buildRules = (
			);
			dependencies = (
			);
			name = Numbers;
			productName = Numbers;
			productReference = 911BD03314B626D800B932CA /* Numbers */;
			productType = "com.apple.product-type.tool";
		};
/* End PBXNativeTarget section */

/* Begin PBXProject section */
		911BD02A14B626D800B932CA /* Project object */ = {
			isa = PBXProject;
			attributes = {
				LastUpgradeCheck = 0420;
				ORGANIZATIONNAME = "Mobile App Mastery";
			};
			buildConfigurationList = 911BD02D14B626D800B932CA /* Build configuration list for PBXProject "Numbers" */;
			compatibilityVersion = "Xcode 3.2";
			developmentRegion = English;
			hasScannedForEncodings = 0;
			knownRegions = (
				en,
			);
			mainGroup = 911BD02814B626D800B932CA;
			productRefGroup = 911BD03414B626D800B932CA /* Products */;
			projectDirPath = "";
			projectRoot = "";
			targets = (
				911BD03214B626D800B932CA /* Numbers */,
			);
		};
/* End PBXProject section */

/* Begin PBXSourcesBuildPhase section */
		911BD02F14B626D800B932CA /* Sources */ = {
			isa = PBXSourcesBuildPhase;
			buildActionMask = 2147483647;
			files = (
				911BD03B14B626D800B932CA /* main.m in Sources */,
			);
			runOnlyForDeploymentPostprocessing = 0;
		};
/* End PBXSourcesBuildPhase section */

/* Begin XCBuildConfiguration section */
		911BD04014B626D800B932CA /* Debug */ = {
			isa = XCBuildConfiguration;
			buildSettings = {
				ALWAYS_SEARCH_USER_PATHS = NO;
				ARCHS = "$(ARCHS_STANDARD_64_BIT)";
				CLANG_ENABLE_OBJC_ARC = YES;
				COPY_PHASE_STRIP = NO;
				GCC_C_LANGUAGE_STANDARD = gnu99;
				GCC_DYNAMIC_NO_PIC = NO;
				GCC_ENABLE_OBJC_EXCEPTIONS = YES;
				GCC_OPTIMIZATION_LEVEL = 0;
				GCC_PREPROCESSOR_DEFINITIONS = (
					"DEBUG=1",
					"$(inherited)",
				);
				GCC_SYMBOLS_PRIVATE_EXTERN = NO;
				GCC_VERSION = com.apple.compilers.llvm.clang.1_0;
				GCC_WARN_64_TO_32_BIT_CONVERSION = YES;
				GCC_WARN_ABOUT_MISSING_PROTOTYPES = YES;
				GCC_WARN_ABOUT_RETURN_TYPE = YES;
				GCC_WARN_UNUSED_VARIABLE = YES;
				MACOSX_DEPLOYMENT_TARGET = 10.7;
				ONLY_ACTIVE_ARCH = YES;
				SDKROOT = macosx;
			};
			name = Debug;
		};
		911BD04114B626D800B932CA /* Release */ = {
			isa = XCBuildConfiguration;
			buildSettings = {
				ALWAYS_SEARCH_USER_PATHS = NO;
				ARCHS = "$(ARCHS_STANDARD_64_BIT)";
				CLANG_ENABLE_OBJC_ARC = YES;
				COPY_PHASE_STRIP = YES;
				DEBUG_INFORMATION_FORMAT = "dwarf-with-dsym";
				GCC_C_LANGUAGE_STANDARD = gnu99;
				GCC_ENABLE_OBJC_EXCEPTIONS = YES;
				GCC_VERSION = com.apple.compilers.llvm.clang.1_0;
				GCC_WARN_64_TO_32_BIT_CONVERSION = YES;
				GCC_WARN_ABOUT_MISSING_PROTOTYPES = YES;
				GCC_WARN_ABOUT_RETURN_TYPE = YES;
				GCC_WARN_UNUSED_VARIABLE = YES;
				MACOSX_DEPLOYMENT_TARGET = 10.7;
				SDKROOT = macosx;
			};
			name = Release;
		};
		911BD04314B626D800B932CA /* Debug */ = {
			isa = XCBuildConfiguration;
			buildSettings = {
				GCC_PRECOMPILE_PREFIX_HEADER = YES;
				GCC_PREFIX_HEADER = "Numbers/Numbers-Prefix.pch";
				PRODUCT_NAME = "$(TARGET_NAME)";
			};
			name = Debug;
		};
		911BD04414B626D800B932CA /* Release */ = {
			isa = XCBuildConfiguration;
			buildSettings = {
				GCC_PRECOMPILE_PREFIX_HEADER = YES;
				GCC_PREFIX_HEADER = "Numbers/Numbers-Prefix.pch";
				PRODUCT_NAME = "$(TARGET_NAME)";
			};
			name = Release;
		};
/* End XCBuildConfiguration section */

/* Begin XCConfigurationList section */
		911BD02D14B626D800B932CA /* Build configuration list for PBXProject "Numbers" */ = {
			isa = XCConfigurationList;
			buildConfigurations = (
				911BD04014B626D800B932CA /* Debug */,
				911BD04114B626D800B932CA /* Release */,
			);
			defaultConfigurationIsVisible = 0;
			defaultConfigurationName = Release;
		};
		911BD04214B626D800B932CA /* Build configuration list for PBXNativeTarget "Numbers" */ = {
			isa = XCConfigurationList;
			buildConfigurations = (
				911BD04314B626D800B932CA /* Debug */,
				911BD04414B626D800B932CA /* Release */,
			);
			defaultConfigurationIsVisible = 0;
		};
/* End XCConfigurationList section */
	};
	rootObject = 911BD02A14B626D800B932CA /* Project object */;
}
