// !$*UTF8*$!
{
	archiveVersion = 1;
	classes = {
	};
	objectVersion = 46;
	objects = {

/* Begin PBXBuildFile section */
		917D2B5315320F8100AB5444 /* Model.xcdatamodeld in Sources */ = {isa = PBXBuildFile; fileRef = 917D2B5115320F8100AB5444 /* Model.xcdatamodeld */; };
		9195D31915387AB000C07BEC /* Worker.m in Sources */ = {isa = PBXBuildFile; fileRef = 9195D31815387AB000C07BEC /* Worker.m */; };
		9195D31C15387AB000C07BEC /* Task.m in Sources */ = {isa = PBXBuildFile; fileRef = 9195D31B15387AB000C07BEC /* Task.m */; };
		9195D31F15387AB000C07BEC /* Project.m in Sources */ = {isa = PBXBuildFile; fileRef = 9195D31E15387AB000C07BEC /* Project.m */; };
		91BE6EE2152F25B700DC0633 /* UIKit.framework in Frameworks */ = {isa = PBXBuildFile; fileRef = 91BE6EE1152F25B700DC0633 /* UIKit.framework */; };
		91BE6EE4152F25B700DC0633 /* Foundation.framework in Frameworks */ = {isa = PBXBuildFile; fileRef = 91BE6EE3152F25B700DC0633 /* Foundation.framework */; };
		91BE6EE6152F25B700DC0633 /* CoreGraphics.framework in Frameworks */ = {isa = PBXBuildFile; fileRef = 91BE6EE5152F25B700DC0633 /* CoreGraphics.framework */; };
		91BE6EEC152F25B700DC0633 /* InfoPlist.strings in Resources */ = {isa = PBXBuildFile; fileRef = 91BE6EEA152F25B700DC0633 /* InfoPlist.strings */; };
		91BE6EEE152F25B700DC0633 /* main.m in Sources */ = {isa = PBXBuildFile; fileRef = 91BE6EED152F25B700DC0633 /* main.m */; };
		91BE6EF2152F25B700DC0633 /* AppDelegate.m in Sources */ = {isa = PBXBuildFile; fileRef = 91BE6EF1152F25B700DC0633 /* AppDelegate.m */; };
		91BE6EF9152F2B2000DC0633 /* CoreData.framework in Frameworks */ = {isa = PBXBuildFile; fileRef = 91BE6EF8152F2B2000DC0633 /* CoreData.framework */; };
		91BE6EFC152F2D8900DC0633 /* AppModel.m in Sources */ = {isa = PBXBuildFile; fileRef = 91BE6EFB152F2D8900DC0633 /* AppModel.m */; };
/* End PBXBuildFile section */

/* Begin PBXFileReference section */
		917D2B5215320F8100AB5444 /* Model.xcdatamodel */ = {isa = PBXFileReference; lastKnownFileType = wrapper.xcdatamodel; path = Model.xcdatamodel; sourceTree = "<group>"; };
		9195D3151538750500C07BEC /* Model 2.xcdatamodel */ = {isa = PBXFileReference; lastKnownFileType = wrapper.xcdatamodel; path = "Model 2.xcdatamodel"; sourceTree = "<group>"; };
		9195D31715387AB000C07BEC /* Worker.h */ = {isa = PBXFileReference; fileEncoding = 4; lastKnownFileType = sourcecode.c.h; path = Worker.h; sourceTree = "<group>"; };
		9195D31815387AB000C07BEC /* Worker.m */ = {isa = PBXFileReference; fileEncoding = 4; lastKnownFileType = sourcecode.c.objc; path = Worker.m; sourceTree = "<group>"; };
		9195D31A15387AB000C07BEC /* Task.h */ = {isa = PBXFileReference; fileEncoding = 4; lastKnownFileType = sourcecode.c.h; path = Task.h; sourceTree = "<group>"; };
		9195D31B15387AB000C07BEC /* Task.m */ = {isa = PBXFileReference; fileEncoding = 4; lastKnownFileType = sourcecode.c.objc; path = Task.m; sourceTree = "<group>"; };
		9195D31D15387AB000C07BEC /* Project.h */ = {isa = PBXFileReference; fileEncoding = 4; lastKnownFileType = sourcecode.c.h; name = Project.h; path = ../Project.h; sourceTree = "<group>"; };
		9195D31E15387AB000C07BEC /* Project.m */ = {isa = PBXFileReference; fileEncoding = 4; lastKnownFileType = sourcecode.c.objc; path = Project.m; sourceTree = "<group>"; };
		91BE6EDD152F25B700DC0633 /* CoreDataRecipeApp.app */ = {isa = PBXFileReference; explicitFileType = wrapper.application; includeInIndex = 0; path = CoreDataRecipeApp.app; sourceTree = BUILT_PRODUCTS_DIR; };
		91BE6EE1152F25B700DC0633 /* UIKit.framework */ = {isa = PBXFileReference; lastKnownFileType = wrapper.framework; name = UIKit.framework; path = System/Library/Frameworks/UIKit.framework; sourceTree = SDKROOT; };
		91BE6EE3152F25B700DC0633 /* Foundation.framework */ = {isa = PBXFileReference; lastKnownFileType = wrapper.framework; name = Foundation.framework; path = System/Library/Frameworks/Foundation.framework; sourceTree = SDKROOT; };
		91BE6EE5152F25B700DC0633 /* CoreGraphics.framework */ = {isa = PBXFileReference; lastKnownFileType = wrapper.framework; name = CoreGraphics.framework; path = System/Library/Frameworks/CoreGraphics.framework; sourceTree = SDKROOT; };
		91BE6EE9152F25B700DC0633 /* CoreDataRecipeApp-Info.plist */ = {isa = PBXFileReference; lastKnownFileType = text.plist.xml; path = "CoreDataRecipeApp-Info.plist"; sourceTree = "<group>"; };
		91BE6EEB152F25B700DC0633 /* en */ = {isa = PBXFileReference; lastKnownFileType = text.plist.strings; name = en; path = en.lproj/InfoPlist.strings; sourceTree = "<group>"; };
		91BE6EED152F25B700DC0633 /* main.m */ = {isa = PBXFileReference; lastKnownFileType = sourcecode.c.objc; path = main.m; sourceTree = "<group>"; };
		91BE6EEF152F25B700DC0633 /* CoreDataRecipeApp-Prefix.pch */ = {isa = PBXFileReference; lastKnownFileType = sourcecode.c.h; path = "CoreDataRecipeApp-Prefix.pch"; sourceTree = "<group>"; };
		91BE6EF0152F25B700DC0633 /* AppDelegate.h */ = {isa = PBXFileReference; lastKnownFileType = sourcecode.c.h; path = AppDelegate.h; sourceTree = "<group>"; };
		91BE6EF1152F25B700DC0633 /* AppDelegate.m */ = {isa = PBXFileReference; lastKnownFileType = sourcecode.c.objc; path = AppDelegate.m; sourceTree = "<group>"; };
		91BE6EF8152F2B2000DC0633 /* CoreData.framework */ = {isa = PBXFileReference; lastKnownFileType = wrapper.framework; name = CoreData.framework; path = System/Library/Frameworks/CoreData.framework; sourceTree = SDKROOT; };
		91BE6EFA152F2D8900DC0633 /* AppModel.h */ = {isa = PBXFileReference; fileEncoding = 4; lastKnownFileType = sourcecode.c.h; path = AppModel.h; sourceTree = "<group>"; };
		91BE6EFB152F2D8900DC0633 /* AppModel.m */ = {isa = PBXFileReference; fileEncoding = 4; lastKnownFileType = sourcecode.c.objc; path = AppModel.m; sourceTree = "<group>"; };
/* End PBXFileReference section */

/* Begin PBXFrameworksBuildPhase section */
		91BE6EDA152F25B700DC0633 /* Frameworks */ = {
			isa = PBXFrameworksBuildPhase;
			buildActionMask = 2147483647;
			files = (
				91BE6EF9152F2B2000DC0633 /* CoreData.framework in Frameworks */,
				91BE6EE2152F25B700DC0633 /* UIKit.framework in Frameworks */,
				91BE6EE4152F25B700DC0633 /* Foundation.framework in Frameworks */,
				91BE6EE6152F25B700DC0633 /* CoreGraphics.framework in Frameworks */,
			);
			runOnlyForDeploymentPostprocessing = 0;
		};
/* End PBXFrameworksBuildPhase section */

/* Begin PBXGroup section */
		91BE6ED2152F25B700DC0633 = {
			isa = PBXGroup;
			children = (
				9195D31E15387AB000C07BEC /* Project.m */,
				9195D31A15387AB000C07BEC /* Task.h */,
				9195D31B15387AB000C07BEC /* Task.m */,
				9195D31715387AB000C07BEC /* Worker.h */,
				9195D31815387AB000C07BEC /* Worker.m */,
				917D2B5115320F8100AB5444 /* Model.xcdatamodeld */,
				91BE6EF8152F2B2000DC0633 /* CoreData.framework */,
				91BE6EE7152F25B700DC0633 /* CoreDataRecipeApp */,
				91BE6EE0152F25B700DC0633 /* Frameworks */,
				91BE6EDE152F25B700DC0633 /* Products */,
			);
			sourceTree = "<group>";
		};
		91BE6EDE152F25B700DC0633 /* Products */ = {
			isa = PBXGroup;
			children = (
				91BE6EDD152F25B700DC0633 /* CoreDataRecipeApp.app */,
			);
			name = Products;
			sourceTree = "<group>";
		};
		91BE6EE0152F25B700DC0633 /* Frameworks */ = {
			isa = PBXGroup;
			children = (
				91BE6EE1152F25B700DC0633 /* UIKit.framework */,
				91BE6EE3152F25B700DC0633 /* Foundation.framework */,
				91BE6EE5152F25B700DC0633 /* CoreGraphics.framework */,
			);
			name = Frameworks;
			sourceTree = "<group>";
		};
		91BE6EE7152F25B700DC0633 /* CoreDataRecipeApp */ = {
			isa = PBXGroup;
			children = (
				9195D31D15387AB000C07BEC /* Project.h */,
				91BE6EF0152F25B700DC0633 /* AppDelegate.h */,
				91BE6EF1152F25B700DC0633 /* AppDelegate.m */,
				91BE6EE8152F25B700DC0633 /* Supporting Files */,
				91BE6EFA152F2D8900DC0633 /* AppModel.h */,
				91BE6EFB152F2D8900DC0633 /* AppModel.m */,
			);
			path = CoreDataRecipeApp;
			sourceTree = "<group>";
		};
		91BE6EE8152F25B700DC0633 /* Supporting Files */ = {
			isa = PBXGroup;
			children = (
				91BE6EE9152F25B700DC0633 /* CoreDataRecipeApp-Info.plist */,
				91BE6EEA152F25B700DC0633 /* InfoPlist.strings */,
				91BE6EED152F25B700DC0633 /* main.m */,
				91BE6EEF152F25B700DC0633 /* CoreDataRecipeApp-Prefix.pch */,
			);
			name = "Supporting Files";
			sourceTree = "<group>";
		};
/* End PBXGroup section */

/* Begin PBXNativeTarget section */
		91BE6EDC152F25B700DC0633 /* CoreDataRecipeApp */ = {
			isa = PBXNativeTarget;
			buildConfigurationList = 91BE6EF5152F25B700DC0633 /* Build configuration list for PBXNativeTarget "CoreDataRecipeApp" */;
			buildPhases = (
				91BE6ED9152F25B700DC0633 /* Sources */,
				91BE6EDA152F25B700DC0633 /* Frameworks */,
				91BE6EDB152F25B700DC0633 /* Resources */,
			);
			buildRules = (
			);
			dependencies = (
			);
			name = CoreDataRecipeApp;
			productName = CoreDataRecipeApp;
			productReference = 91BE6EDD152F25B700DC0633 /* CoreDataRecipeApp.app */;
			productType = "com.apple.product-type.application";
		};
/* End PBXNativeTarget section */

/* Begin PBXProject section */
		91BE6ED4152F25B700DC0633 /* Project object */ = {
			isa = PBXProject;
			attributes = {
				LastUpgradeCheck = 0430;
				ORGANIZATIONNAME = "Mobile App Mastery";
			};
			buildConfigurationList = 91BE6ED7152F25B700DC0633 /* Build configuration list for PBXProject "CoreDataRecipeApp" */;
			compatibilityVersion = "Xcode 3.2";
			developmentRegion = English;
			hasScannedForEncodings = 0;
			knownRegions = (
				en,
			);
			mainGroup = 91BE6ED2152F25B700DC0633;
			productRefGroup = 91BE6EDE152F25B700DC0633 /* Products */;
			projectDirPath = "";
			projectRoot = "";
			targets = (
				91BE6EDC152F25B700DC0633 /* CoreDataRecipeApp */,
			);
		};
/* End PBXProject section */

/* Begin PBXResourcesBuildPhase section */
		91BE6EDB152F25B700DC0633 /* Resources */ = {
			isa = PBXResourcesBuildPhase;
			buildActionMask = 2147483647;
			files = (
				91BE6EEC152F25B700DC0633 /* InfoPlist.strings in Resources */,
			);
			runOnlyForDeploymentPostprocessing = 0;
		};
/* End PBXResourcesBuildPhase section */

/* Begin PBXSourcesBuildPhase section */
		91BE6ED9152F25B700DC0633 /* Sources */ = {
			isa = PBXSourcesBuildPhase;
			buildActionMask = 2147483647;
			files = (
				91BE6EEE152F25B700DC0633 /* main.m in Sources */,
				91BE6EF2152F25B700DC0633 /* AppDelegate.m in Sources */,
				91BE6EFC152F2D8900DC0633 /* AppModel.m in Sources */,
				917D2B5315320F8100AB5444 /* Model.xcdatamodeld in Sources */,
				9195D31915387AB000C07BEC /* Worker.m in Sources */,
				9195D31C15387AB000C07BEC /* Task.m in Sources */,
				9195D31F15387AB000C07BEC /* Project.m in Sources */,
			);
			runOnlyForDeploymentPostprocessing = 0;
		};
/* End PBXSourcesBuildPhase section */

/* Begin PBXVariantGroup section */
		91BE6EEA152F25B700DC0633 /* InfoPlist.strings */ = {
			isa = PBXVariantGroup;
			children = (
				91BE6EEB152F25B700DC0633 /* en */,
			);
			name = InfoPlist.strings;
			sourceTree = "<group>";
		};
/* End PBXVariantGroup section */

/* Begin XCBuildConfiguration section */
		91BE6EF3152F25B700DC0633 /* Debug */ = {
			isa = XCBuildConfiguration;
			buildSettings = {
				ALWAYS_SEARCH_USER_PATHS = NO;
				ARCHS = "$(ARCHS_STANDARD_32_BIT)";
				CLANG_ENABLE_OBJC_ARC = YES;
				"CODE_SIGN_IDENTITY[sdk=iphoneos*]" = "iPhone Developer";
				COPY_PHASE_STRIP = NO;
				GCC_C_LANGUAGE_STANDARD = gnu99;
				GCC_DYNAMIC_NO_PIC = NO;
				GCC_OPTIMIZATION_LEVEL = 0;
				GCC_PREPROCESSOR_DEFINITIONS = (
					"DEBUG=1",
					"$(inherited)",
				);
				GCC_SYMBOLS_PRIVATE_EXTERN = NO;
				GCC_VERSION = com.apple.compilers.llvm.clang.1_0;
				GCC_WARN_ABOUT_RETURN_TYPE = YES;
				GCC_WARN_UNINITIALIZED_AUTOS = YES;
				GCC_WARN_UNUSED_VARIABLE = YES;
				IPHONEOS_DEPLOYMENT_TARGET = 5.0;
				SDKROOT = iphoneos;
			};
			name = Debug;
		};
		91BE6EF4152F25B700DC0633 /* Release */ = {
			isa = XCBuildConfiguration;
			buildSettings = {
				ALWAYS_SEARCH_USER_PATHS = NO;
				ARCHS = "$(ARCHS_STANDARD_32_BIT)";
				CLANG_ENABLE_OBJC_ARC = YES;
				"CODE_SIGN_IDENTITY[sdk=iphoneos*]" = "iPhone Developer";
				COPY_PHASE_STRIP = YES;
				GCC_C_LANGUAGE_STANDARD = gnu99;
				GCC_VERSION = com.apple.compilers.llvm.clang.1_0;
				GCC_WARN_ABOUT_RETURN_TYPE = YES;
				GCC_WARN_UNINITIALIZED_AUTOS = YES;
				GCC_WARN_UNUSED_VARIABLE = YES;
				IPHONEOS_DEPLOYMENT_TARGET = 5.0;
				OTHER_CFLAGS = "-DNS_BLOCK_ASSERTIONS=1";
				SDKROOT = iphoneos;
				VALIDATE_PRODUCT = YES;
			};
			name = Release;
		};
		91BE6EF6152F25B700DC0633 /* Debug */ = {
			isa = XCBuildConfiguration;
			buildSettings = {
				GCC_PRECOMPILE_PREFIX_HEADER = YES;
				GCC_PREFIX_HEADER = "CoreDataRecipeApp/CoreDataRecipeApp-Prefix.pch";
				INFOPLIST_FILE = "CoreDataRecipeApp/CoreDataRecipeApp-Info.plist";
				PRODUCT_NAME = "$(TARGET_NAME)";
				WRAPPER_EXTENSION = app;
			};
			name = Debug;
		};
		91BE6EF7152F25B700DC0633 /* Release */ = {
			isa = XCBuildConfiguration;
			buildSettings = {
				GCC_PRECOMPILE_PREFIX_HEADER = YES;
				GCC_PREFIX_HEADER = "CoreDataRecipeApp/CoreDataRecipeApp-Prefix.pch";
				INFOPLIST_FILE = "CoreDataRecipeApp/CoreDataRecipeApp-Info.plist";
				PRODUCT_NAME = "$(TARGET_NAME)";
				WRAPPER_EXTENSION = app;
			};
			name = Release;
		};
/* End XCBuildConfiguration section */

/* Begin XCConfigurationList section */
		91BE6ED7152F25B700DC0633 /* Build configuration list for PBXProject "CoreDataRecipeApp" */ = {
			isa = XCConfigurationList;
			buildConfigurations = (
				91BE6EF3152F25B700DC0633 /* Debug */,
				91BE6EF4152F25B700DC0633 /* Release */,
			);
			defaultConfigurationIsVisible = 0;
			defaultConfigurationName = Release;
		};
		91BE6EF5152F25B700DC0633 /* Build configuration list for PBXNativeTarget "CoreDataRecipeApp" */ = {
			isa = XCConfigurationList;
			buildConfigurations = (
				91BE6EF6152F25B700DC0633 /* Debug */,
				91BE6EF7152F25B700DC0633 /* Release */,
			);
			defaultConfigurationIsVisible = 0;
			defaultConfigurationName = Release;
		};
/* End XCConfigurationList section */

/* Begin XCVersionGroup section */
		917D2B5115320F8100AB5444 /* Model.xcdatamodeld */ = {
			isa = XCVersionGroup;
			children = (
				9195D3151538750500C07BEC /* Model 2.xcdatamodel */,
				917D2B5215320F8100AB5444 /* Model.xcdatamodel */,
			);
			currentVersion = 9195D3151538750500C07BEC /* Model 2.xcdatamodel */;
			path = Model.xcdatamodeld;
			sourceTree = "<group>";
			versionGroupType = wrapper.xcdatamodel;
		};
/* End XCVersionGroup section */
	};
	rootObject = 91BE6ED4152F25B700DC0633 /* Project object */;
}
