// !$*UTF8*$!
{
	archiveVersion = 1;
	classes = {
	};
	objectVersion = 46;
	objects = {

/* Begin PBXBuildFile section */
		917034D114BDC8F7005FEDD8 /* Foundation.framework in Frameworks */ = {isa = PBXBuildFile; fileRef = 917034D014BDC8F7005FEDD8 /* Foundation.framework */; };
		917034D414BDC8F7005FEDD8 /* main.m in Sources */ = {isa = PBXBuildFile; fileRef = 917034D314BDC8F7005FEDD8 /* main.m */; };
		917034D814BDC8F7005FEDD8 /* SaveArray.1 in CopyFiles */ = {isa = PBXBuildFile; fileRef = 917034D714BDC8F7005FEDD8 /* SaveArray.1 */; };
/* End PBXBuildFile section */

/* Begin PBXCopyFilesBuildPhase section */
		917034CA14BDC8F7005FEDD8 /* CopyFiles */ = {
			isa = PBXCopyFilesBuildPhase;
			buildActionMask = 2147483647;
			dstPath = /usr/share/man/man1/;
			dstSubfolderSpec = 0;
			files = (
				917034D814BDC8F7005FEDD8 /* SaveArray.1 in CopyFiles */,
			);
			runOnlyForDeploymentPostprocessing = 1;
		};
/* End PBXCopyFilesBuildPhase section */

/* Begin PBXFileReference section */
		917034CC14BDC8F7005FEDD8 /* SaveArray */ = {isa = PBXFileReference; explicitFileType = "compiled.mach-o.executable"; includeInIndex = 0; path = SaveArray; sourceTree = BUILT_PRODUCTS_DIR; };
		917034D014BDC8F7005FEDD8 /* Foundation.framework */ = {isa = PBXFileReference; lastKnownFileType = wrapper.framework; name = Foundation.framework; path = System/Library/Frameworks/Foundation.framework; sourceTree = SDKROOT; };
		917034D314BDC8F7005FEDD8 /* main.m */ = {isa = PBXFileReference; lastKnownFileType = sourcecode.c.objc; path = main.m; sourceTree = "<group>"; };
		917034D614BDC8F7005FEDD8 /* SaveArray-Prefix.pch */ = {isa = PBXFileReference; lastKnownFileType = sourcecode.c.h; path = "SaveArray-Prefix.pch"; sourceTree = "<group>"; };
		917034D714BDC8F7005FEDD8 /* SaveArray.1 */ = {isa = PBXFileReference; lastKnownFileType = text.man; path = SaveArray.1; sourceTree = "<group>"; };
/* End PBXFileReference section */

/* Begin PBXFrameworksBuildPhase section */
		917034C914BDC8F7005FEDD8 /* Frameworks */ = {
			isa = PBXFrameworksBuildPhase;
			buildActionMask = 2147483647;
			files = (
				917034D114BDC8F7005FEDD8 /* Foundation.framework in Frameworks */,
			);
			runOnlyForDeploymentPostprocessing = 0;
		};
/* End PBXFrameworksBuildPhase section */

/* Begin PBXGroup section */
		917034C114BDC8F7005FEDD8 = {
			isa = PBXGroup;
			children = (
				917034D214BDC8F7005FEDD8 /* SaveArray */,
				917034CF14BDC8F7005FEDD8 /* Frameworks */,
				917034CD14BDC8F7005FEDD8 /* Products */,
			);
			sourceTree = "<group>";
		};
		917034CD14BDC8F7005FEDD8 /* Products */ = {
			isa = PBXGroup;
			children = (
				917034CC14BDC8F7005FEDD8 /* SaveArray */,
			);
			name = Products;
			sourceTree = "<group>";
		};
		917034CF14BDC8F7005FEDD8 /* Frameworks */ = {
			isa = PBXGroup;
			children = (
				917034D014BDC8F7005FEDD8 /* Foundation.framework */,
			);
			name = Frameworks;
			sourceTree = "<group>";
		};
		917034D214BDC8F7005FEDD8 /* SaveArray */ = {
			isa = PBXGroup;
			children = (
				917034D314BDC8F7005FEDD8 /* main.m */,
				917034D714BDC8F7005FEDD8 /* SaveArray.1 */,
				917034D514BDC8F7005FEDD8 /* Supporting Files */,
			);
			path = SaveArray;
			sourceTree = "<group>";
		};
		917034D514BDC8F7005FEDD8 /* Supporting Files */ = {
			isa = PBXGroup;
			children = (
				917034D614BDC8F7005FEDD8 /* SaveArray-Prefix.pch */,
			);
			name = "Supporting Files";
			sourceTree = "<group>";
		};
/* End PBXGroup section */

/* Begin PBXNativeTarget section */
		917034CB14BDC8F7005FEDD8 /* SaveArray */ = {
			isa = PBXNativeTarget;
			buildConfigurationList = 917034DB14BDC8F7005FEDD8 /* Build configuration list for PBXNativeTarget "SaveArray" */;
			buildPhases = (
				917034C814BDC8F7005FEDD8 /* Sources */,
				917034C914BDC8F7005FEDD8 /* Frameworks */,
				917034CA14BDC8F7005FEDD8 /* CopyFiles */,
			);
			buildRules = (
			);
			dependencies = (
			);
			name = SaveArray;
			productName = SaveArray;
			productReference = 917034CC14BDC8F7005FEDD8 /* SaveArray */;
			productType = "com.apple.product-type.tool";
		};
/* End PBXNativeTarget section */

/* Begin PBXProject section */
		917034C314BDC8F7005FEDD8 /* Project object */ = {
			isa = PBXProject;
			attributes = {
				LastUpgradeCheck = 0420;
				ORGANIZATIONNAME = "Mobile App Mastery";
			};
			buildConfigurationList = 917034C614BDC8F7005FEDD8 /* Build configuration list for PBXProject "SaveArray" */;
			compatibilityVersion = "Xcode 3.2";
			developmentRegion = English;
			hasScannedForEncodings = 0;
			knownRegions = (
				en,
			);
			mainGroup = 917034C114BDC8F7005FEDD8;
			productRefGroup = 917034CD14BDC8F7005FEDD8 /* Products */;
			projectDirPath = "";
			projectRoot = "";
			targets = (
				917034CB14BDC8F7005FEDD8 /* SaveArray */,
			);
		};
/* End PBXProject section */

/* Begin PBXSourcesBuildPhase section */
		917034C814BDC8F7005FEDD8 /* Sources */ = {
			isa = PBXSourcesBuildPhase;
			buildActionMask = 2147483647;
			files = (
				917034D414BDC8F7005FEDD8 /* main.m in Sources */,
			);
			runOnlyForDeploymentPostprocessing = 0;
		};
/* End PBXSourcesBuildPhase section */

/* Begin XCBuildConfiguration section */
		917034D914BDC8F7005FEDD8 /* Debug */ = {
			isa = XCBuildConfiguration;
			buildSettings = {
				ALWAYS_SEARCH_USER_PATHS = NO;
				ARCHS = "$(ARCHS_STANDARD_64_BIT)";
				CLANG_ENABLE_OBJC_ARC = YES;
				COPY_PHASE_STRIP = NO;
				GCC_C_LANGUAGE_STANDARD = gnu99;
				GCC_DYNAMIC_NO_PIC = NO;
				GCC_ENABLE_OBJC_EXCEPTIONS = YES;
				GCC_OPTIMIZATION_LEVEL = 0;
				GCC_PREPROCESSOR_DEFINITIONS = (
					"DEBUG=1",
					"$(inherited)",
				);
				GCC_SYMBOLS_PRIVATE_EXTERN = NO;
				GCC_VERSION = com.apple.compilers.llvm.clang.1_0;
				GCC_WARN_64_TO_32_BIT_CONVERSION = YES;
				GCC_WARN_ABOUT_MISSING_PROTOTYPES = YES;
				GCC_WARN_ABOUT_RETURN_TYPE = YES;
				GCC_WARN_UNUSED_VARIABLE = YES;
				MACOSX_DEPLOYMENT_TARGET = 10.7;
				ONLY_ACTIVE_ARCH = YES;
				SDKROOT = macosx;
			};
			name = Debug;
		};
		917034DA14BDC8F7005FEDD8 /* Release */ = {
			isa = XCBuildConfiguration;
			buildSettings = {
				ALWAYS_SEARCH_USER_PATHS = NO;
				ARCHS = "$(ARCHS_STANDARD_64_BIT)";
				CLANG_ENABLE_OBJC_ARC = YES;
				COPY_PHASE_STRIP = YES;
				DEBUG_INFORMATION_FORMAT = "dwarf-with-dsym";
				GCC_C_LANGUAGE_STANDARD = gnu99;
				GCC_ENABLE_OBJC_EXCEPTIONS = YES;
				GCC_VERSION = com.apple.compilers.llvm.clang.1_0;
				GCC_WARN_64_TO_32_BIT_CONVERSION = YES;
				GCC_WARN_ABOUT_MISSING_PROTOTYPES = YES;
				GCC_WARN_ABOUT_RETURN_TYPE = YES;
				GCC_WARN_UNUSED_VARIABLE = YES;
				MACOSX_DEPLOYMENT_TARGET = 10.7;
				SDKROOT = macosx;
			};
			name = Release;
		};
		917034DC14BDC8F7005FEDD8 /* Debug */ = {
			isa = XCBuildConfiguration;
			buildSettings = {
				GCC_PRECOMPILE_PREFIX_HEADER = YES;
				GCC_PREFIX_HEADER = "SaveArray/SaveArray-Prefix.pch";
				PRODUCT_NAME = "$(TARGET_NAME)";
			};
			name = Debug;
		};
		917034DD14BDC8F7005FEDD8 /* Release */ = {
			isa = XCBuildConfiguration;
			buildSettings = {
				GCC_PRECOMPILE_PREFIX_HEADER = YES;
				GCC_PREFIX_HEADER = "SaveArray/SaveArray-Prefix.pch";
				PRODUCT_NAME = "$(TARGET_NAME)";
			};
			name = Release;
		};
/* End XCBuildConfiguration section */

/* Begin XCConfigurationList section */
		917034C614BDC8F7005FEDD8 /* Build configuration list for PBXProject "SaveArray" */ = {
			isa = XCConfigurationList;
			buildConfigurations = (
				917034D914BDC8F7005FEDD8 /* Debug */,
				917034DA14BDC8F7005FEDD8 /* Release */,
			);
			defaultConfigurationIsVisible = 0;
			defaultConfigurationName = Release;
		};
		917034DB14BDC8F7005FEDD8 /* Build configuration list for PBXNativeTarget "SaveArray" */ = {
			isa = XCConfigurationList;
			buildConfigurations = (
				917034DC14BDC8F7005FEDD8 /* Debug */,
				917034DD14BDC8F7005FEDD8 /* Release */,
			);
			defaultConfigurationIsVisible = 0;
			defaultConfigurationName = Release;
		};
/* End XCConfigurationList section */
	};
	rootObject = 917034C314BDC8F7005FEDD8 /* Project object */;
}
