// !$*UTF8*$!
{
	archiveVersion = 1;
	classes = {
	};
	objectVersion = 46;
	objects = {

/* Begin PBXBuildFile section */
		91F252B01507F22300D0C57C /* Cocoa.framework in Frameworks */ = {isa = PBXBuildFile; fileRef = 91F252AF1507F22300D0C57C /* Cocoa.framework */; };
		91F252BA1507F22300D0C57C /* InfoPlist.strings in Resources */ = {isa = PBXBuildFile; fileRef = 91F252B81507F22300D0C57C /* InfoPlist.strings */; };
		91F252BC1507F22300D0C57C /* main.m in Sources */ = {isa = PBXBuildFile; fileRef = 91F252BB1507F22300D0C57C /* main.m */; };
		91F252C01507F22300D0C57C /* Credits.rtf in Resources */ = {isa = PBXBuildFile; fileRef = 91F252BE1507F22300D0C57C /* Credits.rtf */; };
		91F252C31507F22300D0C57C /* AppDelegate.m in Sources */ = {isa = PBXBuildFile; fileRef = 91F252C21507F22300D0C57C /* AppDelegate.m */; };
		91F252C61507F22300D0C57C /* MainMenu.xib in Resources */ = {isa = PBXBuildFile; fileRef = 91F252C41507F22300D0C57C /* MainMenu.xib */; };
/* End PBXBuildFile section */

/* Begin PBXFileReference section */
		91F252AB1507F22300D0C57C /* R2.app */ = {isa = PBXFileReference; explicitFileType = wrapper.application; includeInIndex = 0; path = R2.app; sourceTree = BUILT_PRODUCTS_DIR; };
		91F252AF1507F22300D0C57C /* Cocoa.framework */ = {isa = PBXFileReference; lastKnownFileType = wrapper.framework; name = Cocoa.framework; path = System/Library/Frameworks/Cocoa.framework; sourceTree = SDKROOT; };
		91F252B21507F22300D0C57C /* AppKit.framework */ = {isa = PBXFileReference; lastKnownFileType = wrapper.framework; name = AppKit.framework; path = System/Library/Frameworks/AppKit.framework; sourceTree = SDKROOT; };
		91F252B31507F22300D0C57C /* CoreData.framework */ = {isa = PBXFileReference; lastKnownFileType = wrapper.framework; name = CoreData.framework; path = System/Library/Frameworks/CoreData.framework; sourceTree = SDKROOT; };
		91F252B41507F22300D0C57C /* Foundation.framework */ = {isa = PBXFileReference; lastKnownFileType = wrapper.framework; name = Foundation.framework; path = System/Library/Frameworks/Foundation.framework; sourceTree = SDKROOT; };
		91F252B71507F22300D0C57C /* R2-Info.plist */ = {isa = PBXFileReference; lastKnownFileType = text.plist.xml; path = "R2-Info.plist"; sourceTree = "<group>"; };
		91F252B91507F22300D0C57C /* en */ = {isa = PBXFileReference; lastKnownFileType = text.plist.strings; name = en; path = en.lproj/InfoPlist.strings; sourceTree = "<group>"; };
		91F252BB1507F22300D0C57C /* main.m */ = {isa = PBXFileReference; lastKnownFileType = sourcecode.c.objc; path = main.m; sourceTree = "<group>"; };
		91F252BD1507F22300D0C57C /* R2-Prefix.pch */ = {isa = PBXFileReference; lastKnownFileType = sourcecode.c.h; path = "R2-Prefix.pch"; sourceTree = "<group>"; };
		91F252BF1507F22300D0C57C /* en */ = {isa = PBXFileReference; lastKnownFileType = text.rtf; name = en; path = en.lproj/Credits.rtf; sourceTree = "<group>"; };
		91F252C11507F22300D0C57C /* AppDelegate.h */ = {isa = PBXFileReference; lastKnownFileType = sourcecode.c.h; path = AppDelegate.h; sourceTree = "<group>"; };
		91F252C21507F22300D0C57C /* AppDelegate.m */ = {isa = PBXFileReference; lastKnownFileType = sourcecode.c.objc; path = AppDelegate.m; sourceTree = "<group>"; };
		91F252C51507F22300D0C57C /* en */ = {isa = PBXFileReference; lastKnownFileType = file.xib; name = en; path = en.lproj/MainMenu.xib; sourceTree = "<group>"; };
/* End PBXFileReference section */

/* Begin PBXFrameworksBuildPhase section */
		91F252A81507F22300D0C57C /* Frameworks */ = {
			isa = PBXFrameworksBuildPhase;
			buildActionMask = 2147483647;
			files = (
				91F252B01507F22300D0C57C /* Cocoa.framework in Frameworks */,
			);
			runOnlyForDeploymentPostprocessing = 0;
		};
/* End PBXFrameworksBuildPhase section */

/* Begin PBXGroup section */
		91F252A01507F22300D0C57C = {
			isa = PBXGroup;
			children = (
				91F252B51507F22300D0C57C /* R2 */,
				91F252AE1507F22300D0C57C /* Frameworks */,
				91F252AC1507F22300D0C57C /* Products */,
			);
			sourceTree = "<group>";
		};
		91F252AC1507F22300D0C57C /* Products */ = {
			isa = PBXGroup;
			children = (
				91F252AB1507F22300D0C57C /* R2.app */,
			);
			name = Products;
			sourceTree = "<group>";
		};
		91F252AE1507F22300D0C57C /* Frameworks */ = {
			isa = PBXGroup;
			children = (
				91F252AF1507F22300D0C57C /* Cocoa.framework */,
				91F252B11507F22300D0C57C /* Other Frameworks */,
			);
			name = Frameworks;
			sourceTree = "<group>";
		};
		91F252B11507F22300D0C57C /* Other Frameworks */ = {
			isa = PBXGroup;
			children = (
				91F252B21507F22300D0C57C /* AppKit.framework */,
				91F252B31507F22300D0C57C /* CoreData.framework */,
				91F252B41507F22300D0C57C /* Foundation.framework */,
			);
			name = "Other Frameworks";
			sourceTree = "<group>";
		};
		91F252B51507F22300D0C57C /* R2 */ = {
			isa = PBXGroup;
			children = (
				91F252C11507F22300D0C57C /* AppDelegate.h */,
				91F252C21507F22300D0C57C /* AppDelegate.m */,
				91F252C41507F22300D0C57C /* MainMenu.xib */,
				91F252B61507F22300D0C57C /* Supporting Files */,
			);
			path = R2;
			sourceTree = "<group>";
		};
		91F252B61507F22300D0C57C /* Supporting Files */ = {
			isa = PBXGroup;
			children = (
				91F252B71507F22300D0C57C /* R2-Info.plist */,
				91F252B81507F22300D0C57C /* InfoPlist.strings */,
				91F252BB1507F22300D0C57C /* main.m */,
				91F252BD1507F22300D0C57C /* R2-Prefix.pch */,
				91F252BE1507F22300D0C57C /* Credits.rtf */,
			);
			name = "Supporting Files";
			sourceTree = "<group>";
		};
/* End PBXGroup section */

/* Begin PBXNativeTarget section */
		91F252AA1507F22300D0C57C /* R2 */ = {
			isa = PBXNativeTarget;
			buildConfigurationList = 91F252C91507F22300D0C57C /* Build configuration list for PBXNativeTarget "R2" */;
			buildPhases = (
				91F252A71507F22300D0C57C /* Sources */,
				91F252A81507F22300D0C57C /* Frameworks */,
				91F252A91507F22300D0C57C /* Resources */,
			);
			buildRules = (
			);
			dependencies = (
			);
			name = R2;
			productName = R2;
			productReference = 91F252AB1507F22300D0C57C /* R2.app */;
			productType = "com.apple.product-type.application";
		};
/* End PBXNativeTarget section */

/* Begin PBXProject section */
		91F252A21507F22300D0C57C /* Project object */ = {
			isa = PBXProject;
			attributes = {
				LastUpgradeCheck = 0430;
				ORGANIZATIONNAME = "Mobile App Mastery";
			};
			buildConfigurationList = 91F252A51507F22300D0C57C /* Build configuration list for PBXProject "R2" */;
			compatibilityVersion = "Xcode 3.2";
			developmentRegion = English;
			hasScannedForEncodings = 0;
			knownRegions = (
				en,
			);
			mainGroup = 91F252A01507F22300D0C57C;
			productRefGroup = 91F252AC1507F22300D0C57C /* Products */;
			projectDirPath = "";
			projectRoot = "";
			targets = (
				91F252AA1507F22300D0C57C /* R2 */,
			);
		};
/* End PBXProject section */

/* Begin PBXResourcesBuildPhase section */
		91F252A91507F22300D0C57C /* Resources */ = {
			isa = PBXResourcesBuildPhase;
			buildActionMask = 2147483647;
			files = (
				91F252BA1507F22300D0C57C /* InfoPlist.strings in Resources */,
				91F252C01507F22300D0C57C /* Credits.rtf in Resources */,
				91F252C61507F22300D0C57C /* MainMenu.xib in Resources */,
			);
			runOnlyForDeploymentPostprocessing = 0;
		};
/* End PBXResourcesBuildPhase section */

/* Begin PBXSourcesBuildPhase section */
		91F252A71507F22300D0C57C /* Sources */ = {
			isa = PBXSourcesBuildPhase;
			buildActionMask = 2147483647;
			files = (
				91F252BC1507F22300D0C57C /* main.m in Sources */,
				91F252C31507F22300D0C57C /* AppDelegate.m in Sources */,
			);
			runOnlyForDeploymentPostprocessing = 0;
		};
/* End PBXSourcesBuildPhase section */

/* Begin PBXVariantGroup section */
		91F252B81507F22300D0C57C /* InfoPlist.strings */ = {
			isa = PBXVariantGroup;
			children = (
				91F252B91507F22300D0C57C /* en */,
			);
			name = InfoPlist.strings;
			sourceTree = "<group>";
		};
		91F252BE1507F22300D0C57C /* Credits.rtf */ = {
			isa = PBXVariantGroup;
			children = (
				91F252BF1507F22300D0C57C /* en */,
			);
			name = Credits.rtf;
			sourceTree = "<group>";
		};
		91F252C41507F22300D0C57C /* MainMenu.xib */ = {
			isa = PBXVariantGroup;
			children = (
				91F252C51507F22300D0C57C /* en */,
			);
			name = MainMenu.xib;
			sourceTree = "<group>";
		};
/* End PBXVariantGroup section */

/* Begin XCBuildConfiguration section */
		91F252C71507F22300D0C57C /* Debug */ = {
			isa = XCBuildConfiguration;
			buildSettings = {
				ALWAYS_SEARCH_USER_PATHS = NO;
				ARCHS = "$(ARCHS_STANDARD_64_BIT)";
				CLANG_ENABLE_OBJC_ARC = YES;
				COPY_PHASE_STRIP = NO;
				GCC_C_LANGUAGE_STANDARD = gnu99;
				GCC_DYNAMIC_NO_PIC = NO;
				GCC_ENABLE_OBJC_EXCEPTIONS = YES;
				GCC_OPTIMIZATION_LEVEL = 0;
				GCC_PREPROCESSOR_DEFINITIONS = (
					"DEBUG=1",
					"$(inherited)",
				);
				GCC_SYMBOLS_PRIVATE_EXTERN = NO;
				GCC_VERSION = com.apple.compilers.llvm.clang.1_0;
				GCC_WARN_64_TO_32_BIT_CONVERSION = YES;
				GCC_WARN_ABOUT_RETURN_TYPE = YES;
				GCC_WARN_UNINITIALIZED_AUTOS = YES;
				GCC_WARN_UNUSED_VARIABLE = YES;
				MACOSX_DEPLOYMENT_TARGET = 10.7;
				ONLY_ACTIVE_ARCH = YES;
				SDKROOT = macosx;
			};
			name = Debug;
		};
		91F252C81507F22300D0C57C /* Release */ = {
			isa = XCBuildConfiguration;
			buildSettings = {
				ALWAYS_SEARCH_USER_PATHS = NO;
				ARCHS = "$(ARCHS_STANDARD_64_BIT)";
				CLANG_ENABLE_OBJC_ARC = YES;
				COPY_PHASE_STRIP = YES;
				DEBUG_INFORMATION_FORMAT = "dwarf-with-dsym";
				GCC_C_LANGUAGE_STANDARD = gnu99;
				GCC_ENABLE_OBJC_EXCEPTIONS = YES;
				GCC_VERSION = com.apple.compilers.llvm.clang.1_0;
				GCC_WARN_64_TO_32_BIT_CONVERSION = YES;
				GCC_WARN_ABOUT_RETURN_TYPE = YES;
				GCC_WARN_UNINITIALIZED_AUTOS = YES;
				GCC_WARN_UNUSED_VARIABLE = YES;
				MACOSX_DEPLOYMENT_TARGET = 10.7;
				SDKROOT = macosx;
			};
			name = Release;
		};
		91F252CA1507F22300D0C57C /* Debug */ = {
			isa = XCBuildConfiguration;
			buildSettings = {
				GCC_PRECOMPILE_PREFIX_HEADER = YES;
				GCC_PREFIX_HEADER = "R2/R2-Prefix.pch";
				INFOPLIST_FILE = "R2/R2-Info.plist";
				PRODUCT_NAME = "$(TARGET_NAME)";
				WRAPPER_EXTENSION = app;
			};
			name = Debug;
		};
		91F252CB1507F22300D0C57C /* Release */ = {
			isa = XCBuildConfiguration;
			buildSettings = {
				GCC_PRECOMPILE_PREFIX_HEADER = YES;
				GCC_PREFIX_HEADER = "R2/R2-Prefix.pch";
				INFOPLIST_FILE = "R2/R2-Info.plist";
				PRODUCT_NAME = "$(TARGET_NAME)";
				WRAPPER_EXTENSION = app;
			};
			name = Release;
		};
/* End XCBuildConfiguration section */

/* Begin XCConfigurationList section */
		91F252A51507F22300D0C57C /* Build configuration list for PBXProject "R2" */ = {
			isa = XCConfigurationList;
			buildConfigurations = (
				91F252C71507F22300D0C57C /* Debug */,
				91F252C81507F22300D0C57C /* Release */,
			);
			defaultConfigurationIsVisible = 0;
			defaultConfigurationName = Release;
		};
		91F252C91507F22300D0C57C /* Build configuration list for PBXNativeTarget "R2" */ = {
			isa = XCConfigurationList;
			buildConfigurations = (
				91F252CA1507F22300D0C57C /* Debug */,
				91F252CB1507F22300D0C57C /* Release */,
			);
			defaultConfigurationIsVisible = 0;
		};
/* End XCConfigurationList section */
	};
	rootObject = 91F252A21507F22300D0C57C /* Project object */;
}
